
Microsoft Visual Studio Solution File, Format Version 12.00
# Visual Studio Version 17
VisualStudioVersion = 17.7.34031.279
MinimumVisualStudioVersion = 10.0.40219.1
Project("{FAE04EC0-301F-11D3-BF4B-00C04F79EFBC}") = "Dewey_Decimal_System_Library", "Dewey_Decimal_System_Library.csproj", "{9A6726B4-735E-4C47-93D0-A50924A22FC0}"
EndProject
Global
	GlobalSection(SolutionConfigurationPlatforms) = preSolution
		Debug|Any CPU = Debug|Any CPU
		Release|Any CPU = Release|Any CPU
	EndGlobalSection
	GlobalSection(ProjectConfigurationPlatforms) = postSolution
		{9A6726B4-735E-4C47-93D0-A50924A22FC0}.Debug|Any CPU.ActiveCfg = Debug|Any CPU
		{9A6726B4-735E-4C47-93D0-A50924A22FC0}.Debug|Any CPU.Build.0 = Debug|Any CPU
		{9A6726B4-735E-4C47-93D0-A50924A22FC0}.Release|Any CPU.ActiveCfg = Release|Any CPU
		{9A6726B4-735E-4C47-93D0-A50924A22FC0}.Release|Any CPU.Build.0 = Release|Any CPU
	EndGlobalSection
	GlobalSection(SolutionProperties) = preSolution
		HideSolutionNode = FALSE
	EndGlobalSection
	GlobalSection(ExtensibilityGlobals) = postSolution
		SolutionGuid = {A1DB2CC3-13A2-4CA5-A963-2E1901FE5033}
	EndGlobalSection
EndGlobal
